
Microsoft Visual Studio Solution File, Format Version 12.00
# Visual Studio Version 17
VisualStudioVersion = 17.13.35919.96
MinimumVisualStudioVersion = 10.0.40219.1
Project("{54A90642-561A-4BB1-A94E-469ADEE60C69}") = "jsopx.reactcore.client", "jsopx.reactcore.client\jsopx.reactcore.client.esproj", "{769C1C84-CE95-51F7-5F80-C40AA5433249}"
EndProject
Project("{FAE04EC0-301F-11D3-BF4B-00C04F79EFBC}") = "JSopX.ReactCore.Server", "JSopX.ReactCore.Server\JSopX.ReactCore.Server.csproj", "{871242E4-B58E-425C-E093-9446AC1574E6}"
EndProject
Project("{FAE04EC0-301F-11D3-BF4B-00C04F79EFBC}") = "JSopX.ReactCore.AppHost", "JSopX.ReactCore.AppHost\JSopX.ReactCore.AppHost.csproj", "{C49E147D-A9D6-43BA-9882-62CE04CF5CD2}"
EndProject
Project("{FAE04EC0-301F-11D3-BF4B-00C04F79EFBC}") = "JSopX.ReactCore.ServiceDefaults", "JSopX.ReactCore.ServiceDefaults\JSopX.ReactCore.ServiceDefaults.csproj", "{6E3E2509-5DED-82D1-24F6-7E0F0562DB0A}"
EndProject
Project("{2150E333-8FDC-42A3-9474-1A3956D46DE8}") = "Solution Items", "Solution Items", "{8EC462FD-D22E-90A8-E5CE-7E832BA40C5D}"
	ProjectSection(SolutionItems) = preProject
		LICENSE.txt = LICENSE.txt
		PathConfig.targets = PathConfig.targets
		README.md = README.md
		RECREATEME.md = RECREATEME.md
	EndProjectSection
EndProject
Global
	GlobalSection(SolutionConfigurationPlatforms) = preSolution
		Debug|Any CPU = Debug|Any CPU
		Release|Any CPU = Release|Any CPU
	EndGlobalSection
	GlobalSection(ProjectConfigurationPlatforms) = postSolution
		{769C1C84-CE95-51F7-5F80-C40AA5433249}.Debug|Any CPU.ActiveCfg = Debug|Any CPU
		{769C1C84-CE95-51F7-5F80-C40AA5433249}.Debug|Any CPU.Build.0 = Debug|Any CPU
		{769C1C84-CE95-51F7-5F80-C40AA5433249}.Release|Any CPU.ActiveCfg = Release|Any CPU
		{769C1C84-CE95-51F7-5F80-C40AA5433249}.Release|Any CPU.Build.0 = Release|Any CPU
		{871242E4-B58E-425C-E093-9446AC1574E6}.Debug|Any CPU.ActiveCfg = Debug|Any CPU
		{871242E4-B58E-425C-E093-9446AC1574E6}.Debug|Any CPU.Build.0 = Debug|Any CPU
		{871242E4-B58E-425C-E093-9446AC1574E6}.Release|Any CPU.ActiveCfg = Release|Any CPU
		{871242E4-B58E-425C-E093-9446AC1574E6}.Release|Any CPU.Build.0 = Release|Any CPU
		{C49E147D-A9D6-43BA-9882-62CE04CF5CD2}.Debug|Any CPU.ActiveCfg = Debug|Any CPU
		{C49E147D-A9D6-43BA-9882-62CE04CF5CD2}.Debug|Any CPU.Build.0 = Debug|Any CPU
		{C49E147D-A9D6-43BA-9882-62CE04CF5CD2}.Release|Any CPU.ActiveCfg = Release|Any CPU
		{C49E147D-A9D6-43BA-9882-62CE04CF5CD2}.Release|Any CPU.Build.0 = Release|Any CPU
		{6E3E2509-5DED-82D1-24F6-7E0F0562DB0A}.Debug|Any CPU.ActiveCfg = Debug|Any CPU
		{6E3E2509-5DED-82D1-24F6-7E0F0562DB0A}.Debug|Any CPU.Build.0 = Debug|Any CPU
		{6E3E2509-5DED-82D1-24F6-7E0F0562DB0A}.Release|Any CPU.ActiveCfg = Release|Any CPU
		{6E3E2509-5DED-82D1-24F6-7E0F0562DB0A}.Release|Any CPU.Build.0 = Release|Any CPU
	EndGlobalSection
	GlobalSection(SolutionProperties) = preSolution
		HideSolutionNode = FALSE
	EndGlobalSection
	GlobalSection(ExtensibilityGlobals) = postSolution
		SolutionGuid = {E883DECC-2416-48E6-A7F8-A373BF2F7C0E}
	EndGlobalSection
EndGlobal
